{
  "version": 4,
  "terraform_version": "1.11.4",
  "serial": 93,
  "lineage": "6a4db4b9-c9e5-4e2b-d6ad-89dea6da3241",
  "outputs": {
    "admin_username": {
      "value": "adminuser",
      "type": "string"
    },
    "network_interface_id": {
      "value": "/subscriptions/b65ac420-99be-4135-81fe-a9ddd9934297/resourceGroups/jenkins-rg/providers/Microsoft.Network/networkInterfaces/jenkins-nic",
      "type": "string"
    },
    "public_ip_address": {
      "value": "",
      "type": "string"
    },
    "resource_group_name": {
      "value": "jenkins-rg",
      "type": "string"
    },
    "subnet_name": {
      "value": "jenkins-subnet",
      "type": "string"
    },
    "virtual_machine_name": {
      "value": "jenkins-vm",
      "type": "string"
    },
    "virtual_network_name": {
      "value": "jenkins-vn",
      "type": "string"
    }
  },
  "resources": [
    {
      "mode": "managed",
      "type": "azurerm_linux_virtual_machine",
      "name": "jenkins-VM",
      "provider": "provider[\"registry.terraform.io/hashicorp/azurerm\"]",
      "instances": [
        {
          "schema_version": 0,
          "attributes": {
            "additional_capabilities": [],
            "admin_password": null,
            "admin_ssh_key": [
              {
                "public_key": "ssh-rsa AAAAB3NzaC1yc2EAAAADAQABAAACAQC+TKcvS5CvjlQJVasW7PdP4Kp5KAWyAXDbgWvDCaWkAyrvcC39jcZ/jtD3ymUXK1kzFK5tXMVVWz9RTZDyzCpJO0n/zjoLQdcFcVxlJviz7cv9rybqQ0zKDnvTlv+lI11Ag6DL6uGScepWEUoROMy9kYr7tyLgiHfxf27j702O+r+XgQN0yyg7OpulINWLSSGgxZXj2v97IwuJcK2a1YR6SqoMsfCMoNAaRnLcwhb/kknmMrQddZjOi1r8uYmG+Gt/Tts7DmYr8826NrnPCOiULtsxf1+Z9YAJXV54x4mAuSWV6O97c7rC8AoVcPjGfflIEgyWNlwCVxRNGaszMTPimVJD6+joyxcAGGmaW0bwp+iSKUPXgfG9tGLdgft9KEr8kgu08K6vyL/CKORHNPmS/OIoTOt8T/GaY6NMVqCYTi204ag0honm4HVIDx+dXpKK9D/N3BrfEIBNV5zNfd8ZhaxsaWpAJTR6TFpLiW3AOt/kWZ2s5thSsV2rHg5O8Pm+AvN6Bdn1uASQjLMqXuuDEWIF4QE/Yx3QYhh4YGAQGqtIOnPmBo+ELvwdnbe5PBu9HtE4RGq6zfGQtjgV7opAq8derMZG+V8kgb5aJayXo3Yi5mQcl0Np7rsfMqq3n1U7fCklTfsYbHem6fx8Qi5hh6UxfnTfBOMdqU5VLhjICw== test@example.com\n",
                "username": "adminuser"
              }
            ],
            "admin_username": "adminuser",
            "allow_extension_operations": true,
            "availability_set_id": "",
            "boot_diagnostics": [],
            "computer_name": "jenkins-vm",
            "custom_data": null,
            "dedicated_host_group_id": "",
            "dedicated_host_id": "",
            "disable_password_authentication": true,
            "edge_zone": "",
            "encryption_at_host_enabled": false,
            "eviction_policy": "",
            "extensions_time_budget": "PT1H30M",
            "id": "/subscriptions/b65ac420-99be-4135-81fe-a9ddd9934297/resourceGroups/jenkins-rg/providers/Microsoft.Compute/virtualMachines/jenkins-vm",
            "identity": [],
            "license_type": "",
            "location": "eastus",
            "max_bid_price": -1,
            "name": "jenkins-vm",
            "network_interface_ids": [
              "/subscriptions/b65ac420-99be-4135-81fe-a9ddd9934297/resourceGroups/jenkins-rg/providers/Microsoft.Network/networkInterfaces/jenkins-nic"
            ],
            "os_disk": [
              {
                "caching": "ReadWrite",
                "diff_disk_settings": [],
                "disk_encryption_set_id": "",
                "disk_size_gb": 30,
                "name": "jenkins-vm_disk1_d406670141b94c0fa628af943b8e121c",
                "storage_account_type": "Standard_LRS",
                "write_accelerator_enabled": false
              }
            ],
            "patch_mode": "ImageDefault",
            "plan": [],
            "platform_fault_domain": -1,
            "priority": "Regular",
            "private_ip_address": "10.0.1.4",
            "private_ip_addresses": [
              "10.0.1.4"
            ],
            "provision_vm_agent": true,
            "proximity_placement_group_id": "",
            "public_ip_address": "172.190.41.134",
            "public_ip_addresses": [
              "172.190.41.134"
            ],
            "resource_group_name": "jenkins-rg",
            "secret": [],
            "secure_boot_enabled": false,
            "size": "Standard_F2",
            "source_image_id": "",
            "source_image_reference": [
              {
                "offer": "0001-com-ubuntu-server-jammy",
                "publisher": "Canonical",
                "sku": "22_04-lts",
                "version": "latest"
              }
            ],
            "tags": null,
            "termination_notification": null,
            "timeouts": null,
            "user_data": "",
            "virtual_machine_id": "16325f51-abd6-4392-b805-466ce061d624",
            "virtual_machine_scale_set_id": "",
            "vtpm_enabled": false,
            "zone": ""
          },
          "sensitive_attributes": [
            [
              {
                "type": "get_attr",
                "value": "admin_password"
              }
            ],
            [
              {
                "type": "get_attr",
                "value": "custom_data"
              }
            ]
          ],
          "private": "eyJlMmJmYjczMC1lY2FhLTExZTYtOGY4OC0zNDM2M2JjN2M0YzAiOnsiY3JlYXRlIjoyNzAwMDAwMDAwMDAwLCJkZWxldGUiOjI3MDAwMDAwMDAwMDAsInJlYWQiOjMwMDAwMDAwMDAwMCwidXBkYXRlIjoyNzAwMDAwMDAwMDAwfX0=",
          "dependencies": [
            "azurerm_network_interface.example",
            "azurerm_public_ip.jenkins-public-ip",
            "azurerm_resource_group.jenkins-rg",
            "azurerm_subnet.jenkins-subnet",
            "azurerm_virtual_network.jenkins-vn"
          ]
        }
      ]
    },
    {
      "mode": "managed",
      "type": "azurerm_network_interface",
      "name": "example",
      "provider": "provider[\"registry.terraform.io/hashicorp/azurerm\"]",
      "instances": [
        {
          "schema_version": 0,
          "attributes": {
            "applied_dns_servers": [],
            "dns_servers": [],
            "edge_zone": "",
            "enable_accelerated_networking": false,
            "enable_ip_forwarding": false,
            "id": "/subscriptions/b65ac420-99be-4135-81fe-a9ddd9934297/resourceGroups/jenkins-rg/providers/Microsoft.Network/networkInterfaces/jenkins-nic",
            "internal_dns_name_label": "",
            "internal_domain_name_suffix": "ebfzvrdpcvaetiqesn3woyk3cb.bx.internal.cloudapp.net",
            "ip_configuration": [
              {
                "gateway_load_balancer_frontend_ip_configuration_id": "",
                "name": "ipconfig",
                "primary": true,
                "private_ip_address": "10.0.1.4",
                "private_ip_address_allocation": "Dynamic",
                "private_ip_address_version": "IPv4",
                "public_ip_address_id": "/subscriptions/b65ac420-99be-4135-81fe-a9ddd9934297/resourceGroups/jenkins-rg/providers/Microsoft.Network/publicIPAddresses/jenkins-public-ip",
                "subnet_id": "/subscriptions/b65ac420-99be-4135-81fe-a9ddd9934297/resourceGroups/jenkins-rg/providers/Microsoft.Network/virtualNetworks/jenkins-vn/subnets/jenkins-subnet"
              }
            ],
            "location": "eastus",
            "mac_address": "",
            "name": "jenkins-nic",
            "private_ip_address": "10.0.1.4",
            "private_ip_addresses": [
              "10.0.1.4"
            ],
            "resource_group_name": "jenkins-rg",
            "tags": null,
            "timeouts": null,
            "virtual_machine_id": ""
          },
          "sensitive_attributes": [],
          "private": "eyJlMmJmYjczMC1lY2FhLTExZTYtOGY4OC0zNDM2M2JjN2M0YzAiOnsiY3JlYXRlIjoxODAwMDAwMDAwMDAwLCJkZWxldGUiOjE4MDAwMDAwMDAwMDAsInJlYWQiOjMwMDAwMDAwMDAwMCwidXBkYXRlIjoxODAwMDAwMDAwMDAwfX0=",
          "dependencies": [
            "azurerm_public_ip.jenkins-public-ip",
            "azurerm_resource_group.jenkins-rg",
            "azurerm_subnet.jenkins-subnet",
            "azurerm_virtual_network.jenkins-vn"
          ]
        }
      ]
    },
    {
      "mode": "managed",
      "type": "azurerm_network_interface_security_group_association",
      "name": "jenkins-nic-nsg",
      "provider": "provider[\"registry.terraform.io/hashicorp/azurerm\"]",
      "instances": [
        {
          "schema_version": 0,
          "attributes": {
            "id": "/subscriptions/b65ac420-99be-4135-81fe-a9ddd9934297/resourceGroups/jenkins-rg/providers/Microsoft.Network/networkInterfaces/jenkins-nic|/subscriptions/b65ac420-99be-4135-81fe-a9ddd9934297/resourceGroups/jenkins-rg/providers/Microsoft.Network/networkSecurityGroups/jenkins-nsg",
            "network_interface_id": "/subscriptions/b65ac420-99be-4135-81fe-a9ddd9934297/resourceGroups/jenkins-rg/providers/Microsoft.Network/networkInterfaces/jenkins-nic",
            "network_security_group_id": "/subscriptions/b65ac420-99be-4135-81fe-a9ddd9934297/resourceGroups/jenkins-rg/providers/Microsoft.Network/networkSecurityGroups/jenkins-nsg",
            "timeouts": null
          },
          "sensitive_attributes": [],
          "private": "eyJlMmJmYjczMC1lY2FhLTExZTYtOGY4OC0zNDM2M2JjN2M0YzAiOnsiY3JlYXRlIjoxODAwMDAwMDAwMDAwLCJkZWxldGUiOjE4MDAwMDAwMDAwMDAsInJlYWQiOjMwMDAwMDAwMDAwMCwidXBkYXRlIjoxODAwMDAwMDAwMDAwfX0=",
          "dependencies": [
            "azurerm_network_interface.example",
            "azurerm_network_security_group.jenkins-nsg",
            "azurerm_public_ip.jenkins-public-ip",
            "azurerm_resource_group.jenkins-rg",
            "azurerm_subnet.jenkins-subnet",
            "azurerm_virtual_network.jenkins-vn"
          ]
        }
      ]
    },
    {
      "mode": "managed",
      "type": "azurerm_network_security_group",
      "name": "jenkins-nsg",
      "provider": "provider[\"registry.terraform.io/hashicorp/azurerm\"]",
      "instances": [
        {
          "schema_version": 0,
          "attributes": {
            "id": "/subscriptions/b65ac420-99be-4135-81fe-a9ddd9934297/resourceGroups/jenkins-rg/providers/Microsoft.Network/networkSecurityGroups/jenkins-nsg",
            "location": "eastus",
            "name": "jenkins-nsg",
            "resource_group_name": "jenkins-rg",
            "security_rule": [
              {
                "access": "Allow",
                "description": "",
                "destination_address_prefix": "*",
                "destination_address_prefixes": [],
                "destination_application_security_group_ids": [],
                "destination_port_range": "22",
                "destination_port_ranges": [],
                "direction": "Inbound",
                "name": "Allow_SSH",
                "priority": 1000,
                "protocol": "Tcp",
                "source_address_prefix": "*",
                "source_address_prefixes": [],
                "source_application_security_group_ids": [],
                "source_port_range": "*",
                "source_port_ranges": []
              },
              {
                "access": "Allow",
                "description": "",
                "destination_address_prefix": "*",
                "destination_address_prefixes": [],
                "destination_application_security_group_ids": [],
                "destination_port_range": "8080",
                "destination_port_ranges": [],
                "direction": "Inbound",
                "name": "Allow_8080",
                "priority": 1001,
                "protocol": "Tcp",
                "source_address_prefix": "*",
                "source_address_prefixes": [],
                "source_application_security_group_ids": [],
                "source_port_range": "*",
                "source_port_ranges": []
              },
              {
                "access": "Allow",
                "description": "",
                "destination_address_prefix": "*",
                "destination_address_prefixes": [],
                "destination_application_security_group_ids": [],
                "destination_port_range": "9000",
                "destination_port_ranges": [],
                "direction": "Inbound",
                "name": "Allow_9000",
                "priority": 1002,
                "protocol": "Tcp",
                "source_address_prefix": "*",
                "source_address_prefixes": [],
                "source_application_security_group_ids": [],
                "source_port_range": "*",
                "source_port_ranges": []
              }
            ],
            "tags": null,
            "timeouts": null
          },
          "sensitive_attributes": [],
          "private": "eyJlMmJmYjczMC1lY2FhLTExZTYtOGY4OC0zNDM2M2JjN2M0YzAiOnsiY3JlYXRlIjoxODAwMDAwMDAwMDAwLCJkZWxldGUiOjE4MDAwMDAwMDAwMDAsInJlYWQiOjMwMDAwMDAwMDAwMCwidXBkYXRlIjoxODAwMDAwMDAwMDAwfX0=",
          "dependencies": [
            "azurerm_resource_group.jenkins-rg"
          ]
        }
      ]
    },
    {
      "mode": "managed",
      "type": "azurerm_public_ip",
      "name": "jenkins-public-ip",
      "provider": "provider[\"registry.terraform.io/hashicorp/azurerm\"]",
      "instances": [
        {
          "schema_version": 0,
          "attributes": {
            "allocation_method": "Dynamic",
            "domain_name_label": null,
            "edge_zone": "",
            "fqdn": null,
            "id": "/subscriptions/b65ac420-99be-4135-81fe-a9ddd9934297/resourceGroups/jenkins-rg/providers/Microsoft.Network/publicIPAddresses/jenkins-public-ip",
            "idle_timeout_in_minutes": 4,
            "ip_address": "",
            "ip_tags": null,
            "ip_version": "IPv4",
            "location": "eastus",
            "name": "jenkins-public-ip",
            "public_ip_prefix_id": null,
            "resource_group_name": "jenkins-rg",
            "reverse_fqdn": null,
            "sku": "Basic",
            "sku_tier": "Regional",
            "tags": null,
            "timeouts": null,
            "zones": null
          },
          "sensitive_attributes": [],
          "private": "eyJlMmJmYjczMC1lY2FhLTExZTYtOGY4OC0zNDM2M2JjN2M0YzAiOnsiY3JlYXRlIjoxODAwMDAwMDAwMDAwLCJkZWxldGUiOjE4MDAwMDAwMDAwMDAsInJlYWQiOjMwMDAwMDAwMDAwMCwidXBkYXRlIjoxODAwMDAwMDAwMDAwfX0=",
          "dependencies": [
            "azurerm_resource_group.jenkins-rg"
          ]
        }
      ]
    },
    {
      "mode": "managed",
      "type": "azurerm_resource_group",
      "name": "jenkins-rg",
      "provider": "provider[\"registry.terraform.io/hashicorp/azurerm\"]",
      "instances": [
        {
          "schema_version": 0,
          "attributes": {
            "id": "/subscriptions/b65ac420-99be-4135-81fe-a9ddd9934297/resourceGroups/jenkins-rg",
            "location": "eastus",
            "name": "jenkins-rg",
            "tags": null,
            "timeouts": null
          },
          "sensitive_attributes": [],
          "private": "eyJlMmJmYjczMC1lY2FhLTExZTYtOGY4OC0zNDM2M2JjN2M0YzAiOnsiY3JlYXRlIjo1NDAwMDAwMDAwMDAwLCJkZWxldGUiOjU0MDAwMDAwMDAwMDAsInJlYWQiOjMwMDAwMDAwMDAwMCwidXBkYXRlIjo1NDAwMDAwMDAwMDAwfX0="
        }
      ]
    },
    {
      "mode": "managed",
      "type": "azurerm_subnet",
      "name": "jenkins-subnet",
      "provider": "provider[\"registry.terraform.io/hashicorp/azurerm\"]",
      "instances": [
        {
          "schema_version": 0,
          "attributes": {
            "address_prefixes": [
              "10.0.1.0/24"
            ],
            "delegation": [],
            "enforce_private_link_endpoint_network_policies": false,
            "enforce_private_link_service_network_policies": false,
            "id": "/subscriptions/b65ac420-99be-4135-81fe-a9ddd9934297/resourceGroups/jenkins-rg/providers/Microsoft.Network/virtualNetworks/jenkins-vn/subnets/jenkins-subnet",
            "name": "jenkins-subnet",
            "resource_group_name": "jenkins-rg",
            "service_endpoint_policy_ids": null,
            "service_endpoints": null,
            "timeouts": null,
            "virtual_network_name": "jenkins-vn"
          },
          "sensitive_attributes": [],
          "private": "eyJlMmJmYjczMC1lY2FhLTExZTYtOGY4OC0zNDM2M2JjN2M0YzAiOnsiY3JlYXRlIjoxODAwMDAwMDAwMDAwLCJkZWxldGUiOjE4MDAwMDAwMDAwMDAsInJlYWQiOjMwMDAwMDAwMDAwMCwidXBkYXRlIjoxODAwMDAwMDAwMDAwfX0=",
          "dependencies": [
            "azurerm_resource_group.jenkins-rg",
            "azurerm_virtual_network.jenkins-vn"
          ]
        }
      ]
    },
    {
      "mode": "managed",
      "type": "azurerm_virtual_network",
      "name": "jenkins-vn",
      "provider": "provider[\"registry.terraform.io/hashicorp/azurerm\"]",
      "instances": [
        {
          "schema_version": 0,
          "attributes": {
            "address_space": [
              "10.0.0.0/16"
            ],
            "bgp_community": "",
            "ddos_protection_plan": [],
            "dns_servers": [],
            "edge_zone": "",
            "flow_timeout_in_minutes": 0,
            "guid": "c49a4b20-156f-4940-a204-937b67615d11",
            "id": "/subscriptions/b65ac420-99be-4135-81fe-a9ddd9934297/resourceGroups/jenkins-rg/providers/Microsoft.Network/virtualNetworks/jenkins-vn",
            "location": "eastus",
            "name": "jenkins-vn",
            "resource_group_name": "jenkins-rg",
            "subnet": [],
            "tags": null,
            "timeouts": null
          },
          "sensitive_attributes": [],
          "private": "eyJlMmJmYjczMC1lY2FhLTExZTYtOGY4OC0zNDM2M2JjN2M0YzAiOnsiY3JlYXRlIjoxODAwMDAwMDAwMDAwLCJkZWxldGUiOjE4MDAwMDAwMDAwMDAsInJlYWQiOjMwMDAwMDAwMDAwMCwidXBkYXRlIjoxODAwMDAwMDAwMDAwfX0=",
          "dependencies": [
            "azurerm_resource_group.jenkins-rg"
          ]
        }
      ]
    }
  ],
  "check_results": null
}
